
Microsoft Visual Studio Solution File, Format Version 12.00
# Visual Studio Version 16
VisualStudioVersion = 16.0.29324.140
MinimumVisualStudioVersion = 10.0.40219.1
Project("{FAE04EC0-301F-11D3-BF4B-00C04F79EFBC}") = "ListBox", "ListBox\ListBox.csproj", "{CFBFEC05-9E56-41D3-81DC-1713297D42EF}"
EndProject
Global
	GlobalSection(SolutionConfigurationPlatforms) = preSolution
		Debug|Any CPU = Debug|Any CPU
		Release|Any CPU = Release|Any CPU
	EndGlobalSection
	GlobalSection(ProjectConfigurationPlatforms) = postSolution
		{CFBFEC05-9E56-41D3-81DC-1713297D42EF}.Debug|Any CPU.ActiveCfg = Debug|Any CPU
		{CFBFEC05-9E56-41D3-81DC-1713297D42EF}.Debug|Any CPU.Build.0 = Debug|Any CPU
		{CFBFEC05-9E56-41D3-81DC-1713297D42EF}.Release|Any CPU.ActiveCfg = Release|Any CPU
		{CFBFEC05-9E56-41D3-81DC-1713297D42EF}.Release|Any CPU.Build.0 = Release|Any CPU
	EndGlobalSection
	GlobalSection(SolutionProperties) = preSolution
		HideSolutionNode = FALSE
	EndGlobalSection
	GlobalSection(ExtensibilityGlobals) = postSolution
		SolutionGuid = {24AF1B9D-2D31-42FF-AB3C-D15CE66EA844}
	EndGlobalSection
EndGlobal
